
Microsoft Visual Studio Solution File, Format Version 12.00
# Visual Studio Version 17
VisualStudioVersion = 17.0.31903.59
MinimumVisualStudioVersion = 10.0.40219.1
Project("{FAE04EC0-301F-11D3-BF4B-00C04F79EFBC}") = "HistoryQuest.Domain", "HistoryQuest.Domain\HistoryQuest.Domain.csproj", "{945A460D-8884-4EB9-8C77-1205A9535052}"
EndProject
Project("{FAE04EC0-301F-11D3-BF4B-00C04F79EFBC}") = "HistoryQuest.Application", "HistoryQuest.Application\HistoryQuest.Application.csproj", "{42998C2B-7D79-4D55-BEE2-49453823F68D}"
EndProject
Project("{FAE04EC0-301F-11D3-BF4B-00C04F79EFBC}") = "HistoryQuest.Infrastructure", "HistoryQuest.Infrastructure\HistoryQuest.Infrastructure.csproj", "{3CD5BA4D-FC57-4422-AD22-58A76BCA74C7}"
EndProject
Project("{FAE04EC0-301F-11D3-BF4B-00C04F79EFBC}") = "HistoryQuest.Shared", "HistoryQuest.Shared\HistoryQuest.Shared.csproj", "{0B40170D-86D9-4B55-B420-FE6DF030FE49}"
EndProject
Project("{FAE04EC0-301F-11D3-BF4B-00C04F79EFBC}") = "HistoryQuest.Api", "HistoryQuest.Api\HistoryQuest.Api.csproj", "{D0A1DF73-3BDF-47FA-9762-AEFA1B9B6904}"
EndProject
Project("{FAE04EC0-301F-11D3-BF4B-00C04F79EFBC}") = "HistoryQuest.Mobile", "HistoryQuest.Mobile\HistoryQuest.Mobile.csproj", "{78863F31-4F51-4C1C-A729-39C8E9D31E94}"
EndProject
Project("{FAE04EC0-301F-11D3-BF4B-00C04F79EFBC}") = "HistoryQuest.Web", "HistoryQuest.Web\HistoryQuest.Web.csproj", "{673C9C24-10AB-4595-AD6F-0B90106071C8}"
EndProject
Global
	GlobalSection(SolutionConfigurationPlatforms) = preSolution
		Debug|Any CPU = Debug|Any CPU
		Debug|x64 = Debug|x64
		Debug|x86 = Debug|x86
		Release|Any CPU = Release|Any CPU
		Release|x64 = Release|x64
		Release|x86 = Release|x86
	EndGlobalSection
	GlobalSection(ProjectConfigurationPlatforms) = postSolution
		{945A460D-8884-4EB9-8C77-1205A9535052}.Debug|Any CPU.ActiveCfg = Debug|Any CPU
		{945A460D-8884-4EB9-8C77-1205A9535052}.Debug|Any CPU.Build.0 = Debug|Any CPU
		{945A460D-8884-4EB9-8C77-1205A9535052}.Debug|x64.ActiveCfg = Debug|Any CPU
		{945A460D-8884-4EB9-8C77-1205A9535052}.Debug|x64.Build.0 = Debug|Any CPU
		{945A460D-8884-4EB9-8C77-1205A9535052}.Debug|x86.ActiveCfg = Debug|Any CPU
		{945A460D-8884-4EB9-8C77-1205A9535052}.Debug|x86.Build.0 = Debug|Any CPU
		{945A460D-8884-4EB9-8C77-1205A9535052}.Release|Any CPU.ActiveCfg = Release|Any CPU
		{945A460D-8884-4EB9-8C77-1205A9535052}.Release|Any CPU.Build.0 = Release|Any CPU
		{945A460D-8884-4EB9-8C77-1205A9535052}.Release|x64.ActiveCfg = Release|Any CPU
		{945A460D-8884-4EB9-8C77-1205A9535052}.Release|x64.Build.0 = Release|Any CPU
		{945A460D-8884-4EB9-8C77-1205A9535052}.Release|x86.ActiveCfg = Release|Any CPU
		{945A460D-8884-4EB9-8C77-1205A9535052}.Release|x86.Build.0 = Release|Any CPU
		{42998C2B-7D79-4D55-BEE2-49453823F68D}.Debug|Any CPU.ActiveCfg = Debug|Any CPU
		{42998C2B-7D79-4D55-BEE2-49453823F68D}.Debug|Any CPU.Build.0 = Debug|Any CPU
		{42998C2B-7D79-4D55-BEE2-49453823F68D}.Debug|x64.ActiveCfg = Debug|Any CPU
		{42998C2B-7D79-4D55-BEE2-49453823F68D}.Debug|x64.Build.0 = Debug|Any CPU
		{42998C2B-7D79-4D55-BEE2-49453823F68D}.Debug|x86.ActiveCfg = Debug|Any CPU
		{42998C2B-7D79-4D55-BEE2-49453823F68D}.Debug|x86.Build.0 = Debug|Any CPU
		{42998C2B-7D79-4D55-BEE2-49453823F68D}.Release|Any CPU.ActiveCfg = Release|Any CPU
		{42998C2B-7D79-4D55-BEE2-49453823F68D}.Release|Any CPU.Build.0 = Release|Any CPU
		{42998C2B-7D79-4D55-BEE2-49453823F68D}.Release|x64.ActiveCfg = Release|Any CPU
		{42998C2B-7D79-4D55-BEE2-49453823F68D}.Release|x64.Build.0 = Release|Any CPU
		{42998C2B-7D79-4D55-BEE2-49453823F68D}.Release|x86.ActiveCfg = Release|Any CPU
		{42998C2B-7D79-4D55-BEE2-49453823F68D}.Release|x86.Build.0 = Release|Any CPU
		{3CD5BA4D-FC57-4422-AD22-58A76BCA74C7}.Debug|Any CPU.ActiveCfg = Debug|Any CPU
		{3CD5BA4D-FC57-4422-AD22-58A76BCA74C7}.Debug|Any CPU.Build.0 = Debug|Any CPU
		{3CD5BA4D-FC57-4422-AD22-58A76BCA74C7}.Debug|x64.ActiveCfg = Debug|Any CPU
		{3CD5BA4D-FC57-4422-AD22-58A76BCA74C7}.Debug|x64.Build.0 = Debug|Any CPU
		{3CD5BA4D-FC57-4422-AD22-58A76BCA74C7}.Debug|x86.ActiveCfg = Debug|Any CPU
		{3CD5BA4D-FC57-4422-AD22-58A76BCA74C7}.Debug|x86.Build.0 = Debug|Any CPU
		{3CD5BA4D-FC57-4422-AD22-58A76BCA74C7}.Release|Any CPU.ActiveCfg = Release|Any CPU
		{3CD5BA4D-FC57-4422-AD22-58A76BCA74C7}.Release|Any CPU.Build.0 = Release|Any CPU
		{3CD5BA4D-FC57-4422-AD22-58A76BCA74C7}.Release|x64.ActiveCfg = Release|Any CPU
		{3CD5BA4D-FC57-4422-AD22-58A76BCA74C7}.Release|x64.Build.0 = Release|Any CPU
		{3CD5BA4D-FC57-4422-AD22-58A76BCA74C7}.Release|x86.ActiveCfg = Release|Any CPU
		{3CD5BA4D-FC57-4422-AD22-58A76BCA74C7}.Release|x86.Build.0 = Release|Any CPU
		{0B40170D-86D9-4B55-B420-FE6DF030FE49}.Debug|Any CPU.ActiveCfg = Debug|Any CPU
		{0B40170D-86D9-4B55-B420-FE6DF030FE49}.Debug|Any CPU.Build.0 = Debug|Any CPU
		{0B40170D-86D9-4B55-B420-FE6DF030FE49}.Debug|x64.ActiveCfg = Debug|Any CPU
		{0B40170D-86D9-4B55-B420-FE6DF030FE49}.Debug|x64.Build.0 = Debug|Any CPU
		{0B40170D-86D9-4B55-B420-FE6DF030FE49}.Debug|x86.ActiveCfg = Debug|Any CPU
		{0B40170D-86D9-4B55-B420-FE6DF030FE49}.Debug|x86.Build.0 = Debug|Any CPU
		{0B40170D-86D9-4B55-B420-FE6DF030FE49}.Release|Any CPU.ActiveCfg = Release|Any CPU
		{0B40170D-86D9-4B55-B420-FE6DF030FE49}.Release|Any CPU.Build.0 = Release|Any CPU
		{0B40170D-86D9-4B55-B420-FE6DF030FE49}.Release|x64.ActiveCfg = Release|Any CPU
		{0B40170D-86D9-4B55-B420-FE6DF030FE49}.Release|x64.Build.0 = Release|Any CPU
		{0B40170D-86D9-4B55-B420-FE6DF030FE49}.Release|x86.ActiveCfg = Release|Any CPU
		{0B40170D-86D9-4B55-B420-FE6DF030FE49}.Release|x86.Build.0 = Release|Any CPU
		{D0A1DF73-3BDF-47FA-9762-AEFA1B9B6904}.Debug|Any CPU.ActiveCfg = Debug|Any CPU
		{D0A1DF73-3BDF-47FA-9762-AEFA1B9B6904}.Debug|Any CPU.Build.0 = Debug|Any CPU
		{D0A1DF73-3BDF-47FA-9762-AEFA1B9B6904}.Debug|x64.ActiveCfg = Debug|Any CPU
		{D0A1DF73-3BDF-47FA-9762-AEFA1B9B6904}.Debug|x64.Build.0 = Debug|Any CPU
		{D0A1DF73-3BDF-47FA-9762-AEFA1B9B6904}.Debug|x86.ActiveCfg = Debug|Any CPU
		{D0A1DF73-3BDF-47FA-9762-AEFA1B9B6904}.Debug|x86.Build.0 = Debug|Any CPU
		{D0A1DF73-3BDF-47FA-9762-AEFA1B9B6904}.Release|Any CPU.ActiveCfg = Release|Any CPU
		{D0A1DF73-3BDF-47FA-9762-AEFA1B9B6904}.Release|Any CPU.Build.0 = Release|Any CPU
		{D0A1DF73-3BDF-47FA-9762-AEFA1B9B6904}.Release|x64.ActiveCfg = Release|Any CPU
		{D0A1DF73-3BDF-47FA-9762-AEFA1B9B6904}.Release|x64.Build.0 = Release|Any CPU
		{D0A1DF73-3BDF-47FA-9762-AEFA1B9B6904}.Release|x86.ActiveCfg = Release|Any CPU
		{D0A1DF73-3BDF-47FA-9762-AEFA1B9B6904}.Release|x86.Build.0 = Release|Any CPU
		{78863F31-4F51-4C1C-A729-39C8E9D31E94}.Debug|Any CPU.ActiveCfg = Debug|Any CPU
		{78863F31-4F51-4C1C-A729-39C8E9D31E94}.Debug|Any CPU.Build.0 = Debug|Any CPU
		{78863F31-4F51-4C1C-A729-39C8E9D31E94}.Debug|x64.ActiveCfg = Debug|Any CPU
		{78863F31-4F51-4C1C-A729-39C8E9D31E94}.Debug|x64.Build.0 = Debug|Any CPU
		{78863F31-4F51-4C1C-A729-39C8E9D31E94}.Debug|x86.ActiveCfg = Debug|Any CPU
		{78863F31-4F51-4C1C-A729-39C8E9D31E94}.Debug|x86.Build.0 = Debug|Any CPU
		{78863F31-4F51-4C1C-A729-39C8E9D31E94}.Release|Any CPU.ActiveCfg = Release|Any CPU
		{78863F31-4F51-4C1C-A729-39C8E9D31E94}.Release|Any CPU.Build.0 = Release|Any CPU
		{78863F31-4F51-4C1C-A729-39C8E9D31E94}.Release|x64.ActiveCfg = Release|Any CPU
		{78863F31-4F51-4C1C-A729-39C8E9D31E94}.Release|x64.Build.0 = Release|Any CPU
		{78863F31-4F51-4C1C-A729-39C8E9D31E94}.Release|x86.ActiveCfg = Release|Any CPU
		{78863F31-4F51-4C1C-A729-39C8E9D31E94}.Release|x86.Build.0 = Release|Any CPU
		{673C9C24-10AB-4595-AD6F-0B90106071C8}.Debug|Any CPU.ActiveCfg = Debug|Any CPU
		{673C9C24-10AB-4595-AD6F-0B90106071C8}.Debug|Any CPU.Build.0 = Debug|Any CPU
		{673C9C24-10AB-4595-AD6F-0B90106071C8}.Debug|x64.ActiveCfg = Debug|Any CPU
		{673C9C24-10AB-4595-AD6F-0B90106071C8}.Debug|x64.Build.0 = Debug|Any CPU
		{673C9C24-10AB-4595-AD6F-0B90106071C8}.Debug|x86.ActiveCfg = Debug|Any CPU
		{673C9C24-10AB-4595-AD6F-0B90106071C8}.Debug|x86.Build.0 = Debug|Any CPU
		{673C9C24-10AB-4595-AD6F-0B90106071C8}.Release|Any CPU.ActiveCfg = Release|Any CPU
		{673C9C24-10AB-4595-AD6F-0B90106071C8}.Release|Any CPU.Build.0 = Release|Any CPU
		{673C9C24-10AB-4595-AD6F-0B90106071C8}.Release|x64.ActiveCfg = Release|Any CPU
		{673C9C24-10AB-4595-AD6F-0B90106071C8}.Release|x64.Build.0 = Release|Any CPU
		{673C9C24-10AB-4595-AD6F-0B90106071C8}.Release|x86.ActiveCfg = Release|Any CPU
		{673C9C24-10AB-4595-AD6F-0B90106071C8}.Release|x86.Build.0 = Release|Any CPU
	EndGlobalSection
	GlobalSection(SolutionProperties) = preSolution
		HideSolutionNode = FALSE
	EndGlobalSection
EndGlobal
